<?xml version="1.0" encoding="utf-8"?>
<Project ToolsVersion="4.0" xmlns="http://schemas.microsoft.com/developer/msbuild/2003">
  <ItemGroup>
    <Filter Include="Source Files">
      <UniqueIdentifier>{4FC737F1-C7A5-4376-A066-2A32D752A2FF}</UniqueIdentifier>
      <Extensions>cpp;c;cc;cxx;def;odl;idl;hpj;bat;asm;asmx</Extensions>
    </Filter>
    <Filter Include="Header Files">
      <UniqueIdentifier>{93995380-89BD-4b04-88EB-625FBE52EBFB}</UniqueIdentifier>
      <Extensions>h;hh;hpp;hxx;hm;inl;inc;ipp;xsd</Extensions>
    </Filter>
    <Filter Include="Resource Files">
      <UniqueIdentifier>{67DA6AB6-F800-4c08-8B7A-83BB121AAD01}</UniqueIdentifier>
      <Extensions>rc;ico;cur;bmp;dlg;rc2;rct;bin;rgs;gif;jpg;jpeg;jpe;resx;tiff;tif;png;wav;mfcribbon-ms</Extensions>
    </Filter>
  </ItemGroup>
  <ItemGroup>
    <ClCompile Include="CCalculator.cpp">
      <Filter>Source Files</Filter>
    </ClCompile>
    <ClCompile Include="CLogicUnit.cpp">
      <Filter>Source Files</Filter>
    </ClCompile>
    <ClCompile Include="Calculator.cpp">
      <Filter>Source Files</Filter>
    </ClCompile>
    <ClCompile Include="CKeyboard.cpp">
      <Filter>Source Files</Filter>
    </ClCompile>
    <ClCompile Include="CDisplay.cpp">
      <Filter>Source Files</Filter>
    </ClCompile>
    <ClCompile Include="CRegister.cpp">
      <Filter>Source Files</Filter>
    </ClCompile>
    <ClCompile Include="COperation.cpp">
      <Filter>Source Files</Filter>
    </ClCompile>
    <ClCompile Include="CMultiply.cpp">
      <Filter>Source Files</Filter>
    </ClCompile>
    <ClCompile Include="CAdd.cpp">
      <Filter>Source Files</Filter>
    </ClCompile>
    <ClCompile Include="CSubtract.cpp">
      <Filter>Source Files</Filter>
    </ClCompile>
    <ClCompile Include="CDivide.cpp">
      <Filter>Source Files</Filter>
    </ClCompile>
    <ClCompile Include="CExponentiate.cpp">
      <Filter>Source Files</Filter>
    </ClCompile>
  </ItemGroup>
  <ItemGroup>
    <ClInclude Include="CCalculator.h">
      <Filter>Header Files</Filter>
    </ClInclude>
    <ClInclude Include="CLogicUnit.h">
      <Filter>Header Files</Filter>
    </ClInclude>
    <ClInclude Include="CKeyboard.h">
      <Filter>Header Files</Filter>
    </ClInclude>
    <ClInclude Include="CDisplay.h">
      <Filter>Header Files</Filter>
    </ClInclude>
    <ClInclude Include="CRegister.h">
      <Filter>Header Files</Filter>
    </ClInclude>
    <ClInclude Include="COperation.h">
      <Filter>Header Files</Filter>
    </ClInclude>
    <ClInclude Include="CMultiply.h">
      <Filter>Header Files</Filter>
    </ClInclude>
    <ClInclude Include="CAdd.h">
      <Filter>Header Files</Filter>
    </ClInclude>
    <ClInclude Include="CSubtract.h">
      <Filter>Header Files</Filter>
    </ClInclude>
    <ClInclude Include="CDivide.h">
      <Filter>Header Files</Filter>
    </ClInclude>
    <ClInclude Include="CExponentiate.h">
      <Filter>Header Files</Filter>
    </ClInclude>
  </ItemGroup>
</Project>